
Microsoft Visual Studio Solution File, Format Version 12.00
# Visual Studio 15
VisualStudioVersion = 15.0.27130.2010
MinimumVisualStudioVersion = 10.0.40219.1
Project("{FAE04EC0-301F-11D3-BF4B-00C04F79EFBC}") = "Training3", "Training3\Training3.csproj", "{EFC5EA87-F2C5-49C3-9216-2B4239F38B05}"
EndProject
Global
	GlobalSection(SolutionConfigurationPlatforms) = preSolution
		Debug|Any CPU = Debug|Any CPU
		Release|Any CPU = Release|Any CPU
	EndGlobalSection
	GlobalSection(ProjectConfigurationPlatforms) = postSolution
		{EFC5EA87-F2C5-49C3-9216-2B4239F38B05}.Debug|Any CPU.ActiveCfg = Debug|Any CPU
		{EFC5EA87-F2C5-49C3-9216-2B4239F38B05}.Debug|Any CPU.Build.0 = Debug|Any CPU
		{EFC5EA87-F2C5-49C3-9216-2B4239F38B05}.Release|Any CPU.ActiveCfg = Release|Any CPU
		{EFC5EA87-F2C5-49C3-9216-2B4239F38B05}.Release|Any CPU.Build.0 = Release|Any CPU
	EndGlobalSection
	GlobalSection(SolutionProperties) = preSolution
		HideSolutionNode = FALSE
	EndGlobalSection
	GlobalSection(ExtensibilityGlobals) = postSolution
		SolutionGuid = {C4E6A411-53E0-4F82-A7BD-289434302E57}
	EndGlobalSection
EndGlobal
